
Microsoft Visual Studio Solution File, Format Version 12.00
Project("{FAE04EC0-301F-11D3-BF4B-00C04F79EFBC}") = "Gmtq.Parser", "Gmtq.Parser\Gmtq.Parser.csproj", "{458F1362-E82B-42C0-A631-93D098E9E4A1}"
EndProject
Project("{2150E333-8FDC-42A3-9474-1A3956D46DE8}") = "Solution Items", "Solution Items", "{13EF3F0D-B9EB-4AEC-A579-D15A158D285B}"
	ProjectSection(SolutionItems) = preProject
		Solution items\docker-compose.yaml = Solution items\docker-compose.yaml
	EndProjectSection
EndProject
Project("{FAE04EC0-301F-11D3-BF4B-00C04F79EFBC}") = "Gmtq.Data", "Gmtq.Data\Gmtq.Data.csproj", "{5D1FE57E-AC85-4B3B-9F18-F22F980FB571}"
EndProject
Project("{FAE04EC0-301F-11D3-BF4B-00C04F79EFBC}") = "Gmtq.Web", "Gmtq.Web\Gmtq.Web.csproj", "{A60DFC7C-CDFD-403E-A45B-3B1FB0EB7D95}"
EndProject
Global
	GlobalSection(SolutionConfigurationPlatforms) = preSolution
		Debug|Any CPU = Debug|Any CPU
		Release|Any CPU = Release|Any CPU
	EndGlobalSection
	GlobalSection(ProjectConfigurationPlatforms) = postSolution
		{458F1362-E82B-42C0-A631-93D098E9E4A1}.Debug|Any CPU.ActiveCfg = Debug|Any CPU
		{458F1362-E82B-42C0-A631-93D098E9E4A1}.Debug|Any CPU.Build.0 = Debug|Any CPU
		{458F1362-E82B-42C0-A631-93D098E9E4A1}.Release|Any CPU.ActiveCfg = Release|Any CPU
		{458F1362-E82B-42C0-A631-93D098E9E4A1}.Release|Any CPU.Build.0 = Release|Any CPU
		{5D1FE57E-AC85-4B3B-9F18-F22F980FB571}.Debug|Any CPU.ActiveCfg = Debug|Any CPU
		{5D1FE57E-AC85-4B3B-9F18-F22F980FB571}.Debug|Any CPU.Build.0 = Debug|Any CPU
		{5D1FE57E-AC85-4B3B-9F18-F22F980FB571}.Release|Any CPU.ActiveCfg = Release|Any CPU
		{5D1FE57E-AC85-4B3B-9F18-F22F980FB571}.Release|Any CPU.Build.0 = Release|Any CPU
		{A60DFC7C-CDFD-403E-A45B-3B1FB0EB7D95}.Debug|Any CPU.ActiveCfg = Debug|Any CPU
		{A60DFC7C-CDFD-403E-A45B-3B1FB0EB7D95}.Debug|Any CPU.Build.0 = Debug|Any CPU
		{A60DFC7C-CDFD-403E-A45B-3B1FB0EB7D95}.Release|Any CPU.ActiveCfg = Release|Any CPU
		{A60DFC7C-CDFD-403E-A45B-3B1FB0EB7D95}.Release|Any CPU.Build.0 = Release|Any CPU
	EndGlobalSection
EndGlobal
